schema: '2.0'
stages:
  evaluate:
    cmd: python test.py
    deps:
    - path: test.py
      md5: c2a9d04c7ae38e8634dcf160e5aac663
      size: 98
    outs:
    - path: metrics.json
      md5: 8d6fefe9e2895ebcc7281bc761e796ee
      size: 18
  train:
    cmd: python train.py
    deps:
    - path: train.py
      md5: 41dc07cfbd14f2a9b68bfc0ca17051cd
      size: 14
