schema: '2.0'
stages:
  evaluate:
    cmd: python test.py
    deps:
    - path: test.py
      md5: 38b394a061a83ded9cd7c3dbf7bfa836
      size: 126
    outs:
    - path: metrics.json
      md5: c59475746301539eb98708fa26562cac
      size: 46
  train:
    cmd: python train.py
    deps:
    - path: train.py
      md5: 41dc07cfbd14f2a9b68bfc0ca17051cd
      size: 14
